{
  "name": "jsverticle",
  "version": "1.0.0",
  "lockfileVersion": 2,
  "requires": true,
  "packages": {
    "": {
      "name": "jsverticle",
      "version": "1.0.0",
      "license": "ISC",
      "dependencies": {
        "noop2": "^2.0.0"
      },
      "devDependencies": {}
    },
    "node_modules/noop2": {
      "version": "2.0.0",
      "resolved": "http://nexusproxy.paas.x/repository/npm-group/noop2/-/noop2-2.0.0.tgz",
      "integrity": "sha1-S2NgFemIK1R4PAK0EvaZ2MXNCls=",
      "license": "MIT"
    }
  },
  "dependencies": {
    "noop2": {
      "version": "2.0.0",
      "resolved": "http://nexusproxy.paas.x/repository/npm-group/noop2/-/noop2-2.0.0.tgz",
      "integrity": "sha1-S2NgFemIK1R4PAK0EvaZ2MXNCls="
    }
  }
}
